
Microsoft Visual Studio Solution File, Format Version 12.00
# Visual Studio 15
VisualStudioVersion = 15.0.34112.143
MinimumVisualStudioVersion = 10.0.40219.1
Project("{FAE04EC0-301F-11D3-BF4B-00C04F79EFBC}") = "MobileApp.Android", "MobileApp\MobileApp.Android\MobileApp.Android.csproj", "{F0095C8C-8A91-40A1-AC41-FAF1FB19E978}"
EndProject
Project("{FAE04EC0-301F-11D3-BF4B-00C04F79EFBC}") = "MobileApp.iOS", "MobileApp\MobileApp.iOS\MobileApp.iOS.csproj", "{35A0F42E-61F1-4A80-B90A-42B8DE474804}"
EndProject
Project("{FAE04EC0-301F-11D3-BF4B-00C04F79EFBC}") = "MobileApp", "MobileApp\MobileApp\MobileApp.csproj", "{D111EF72-F35C-4889-BFDF-07FCB430B5B8}"
EndProject
Global
	GlobalSection(SolutionConfigurationPlatforms) = preSolution
		Ad-Hoc|Any CPU = Ad-Hoc|Any CPU
		Ad-Hoc|iPhone = Ad-Hoc|iPhone
		Ad-Hoc|iPhoneSimulator = Ad-Hoc|iPhoneSimulator
		AppStore|Any CPU = AppStore|Any CPU
		AppStore|iPhone = AppStore|iPhone
		AppStore|iPhoneSimulator = AppStore|iPhoneSimulator
		Debug|Any CPU = Debug|Any CPU
		Debug|iPhone = Debug|iPhone
		Debug|iPhoneSimulator = Debug|iPhoneSimulator
		Release|Any CPU = Release|Any CPU
		Release|iPhone = Release|iPhone
		Release|iPhoneSimulator = Release|iPhoneSimulator
	EndGlobalSection
	GlobalSection(ProjectConfigurationPlatforms) = postSolution
		{F0095C8C-8A91-40A1-AC41-FAF1FB19E978}.Ad-Hoc|Any CPU.ActiveCfg = Release|Any CPU
		{F0095C8C-8A91-40A1-AC41-FAF1FB19E978}.Ad-Hoc|Any CPU.Build.0 = Release|Any CPU
		{F0095C8C-8A91-40A1-AC41-FAF1FB19E978}.Ad-Hoc|Any CPU.Deploy.0 = Release|Any CPU
		{F0095C8C-8A91-40A1-AC41-FAF1FB19E978}.Ad-Hoc|iPhone.ActiveCfg = Release|Any CPU
		{F0095C8C-8A91-40A1-AC41-FAF1FB19E978}.Ad-Hoc|iPhone.Build.0 = Release|Any CPU
		{F0095C8C-8A91-40A1-AC41-FAF1FB19E978}.Ad-Hoc|iPhone.Deploy.0 = Release|Any CPU
		{F0095C8C-8A91-40A1-AC41-FAF1FB19E978}.Ad-Hoc|iPhoneSimulator.ActiveCfg = Release|Any CPU
		{F0095C8C-8A91-40A1-AC41-FAF1FB19E978}.Ad-Hoc|iPhoneSimulator.Build.0 = Release|Any CPU
		{F0095C8C-8A91-40A1-AC41-FAF1FB19E978}.Ad-Hoc|iPhoneSimulator.Deploy.0 = Release|Any CPU
		{F0095C8C-8A91-40A1-AC41-FAF1FB19E978}.AppStore|Any CPU.ActiveCfg = Release|Any CPU
		{F0095C8C-8A91-40A1-AC41-FAF1FB19E978}.AppStore|Any CPU.Build.0 = Release|Any CPU
		{F0095C8C-8A91-40A1-AC41-FAF1FB19E978}.AppStore|Any CPU.Deploy.0 = Release|Any CPU
		{F0095C8C-8A91-40A1-AC41-FAF1FB19E978}.AppStore|iPhone.ActiveCfg = Release|Any CPU
		{F0095C8C-8A91-40A1-AC41-FAF1FB19E978}.AppStore|iPhone.Build.0 = Release|Any CPU
		{F0095C8C-8A91-40A1-AC41-FAF1FB19E978}.AppStore|iPhone.Deploy.0 = Release|Any CPU
		{F0095C8C-8A91-40A1-AC41-FAF1FB19E978}.AppStore|iPhoneSimulator.ActiveCfg = Release|Any CPU
		{F0095C8C-8A91-40A1-AC41-FAF1FB19E978}.AppStore|iPhoneSimulator.Build.0 = Release|Any CPU
		{F0095C8C-8A91-40A1-AC41-FAF1FB19E978}.AppStore|iPhoneSimulator.Deploy.0 = Release|Any CPU
		{F0095C8C-8A91-40A1-AC41-FAF1FB19E978}.Debug|Any CPU.ActiveCfg = Debug|Any CPU
		{F0095C8C-8A91-40A1-AC41-FAF1FB19E978}.Debug|Any CPU.Build.0 = Debug|Any CPU
		{F0095C8C-8A91-40A1-AC41-FAF1FB19E978}.Debug|Any CPU.Deploy.0 = Debug|Any CPU
		{F0095C8C-8A91-40A1-AC41-FAF1FB19E978}.Debug|iPhone.ActiveCfg = Debug|Any CPU
		{F0095C8C-8A91-40A1-AC41-FAF1FB19E978}.Debug|iPhone.Build.0 = Debug|Any CPU
		{F0095C8C-8A91-40A1-AC41-FAF1FB19E978}.Debug|iPhone.Deploy.0 = Debug|Any CPU
		{F0095C8C-8A91-40A1-AC41-FAF1FB19E978}.Debug|iPhoneSimulator.ActiveCfg = Debug|Any CPU
		{F0095C8C-8A91-40A1-AC41-FAF1FB19E978}.Debug|iPhoneSimulator.Build.0 = Debug|Any CPU
		{F0095C8C-8A91-40A1-AC41-FAF1FB19E978}.Debug|iPhoneSimulator.Deploy.0 = Debug|Any CPU
		{F0095C8C-8A91-40A1-AC41-FAF1FB19E978}.Release|Any CPU.ActiveCfg = Release|Any CPU
		{F0095C8C-8A91-40A1-AC41-FAF1FB19E978}.Release|Any CPU.Build.0 = Release|Any CPU
		{F0095C8C-8A91-40A1-AC41-FAF1FB19E978}.Release|Any CPU.Deploy.0 = Release|Any CPU
		{F0095C8C-8A91-40A1-AC41-FAF1FB19E978}.Release|iPhone.ActiveCfg = Release|Any CPU
		{F0095C8C-8A91-40A1-AC41-FAF1FB19E978}.Release|iPhone.Build.0 = Release|Any CPU
		{F0095C8C-8A91-40A1-AC41-FAF1FB19E978}.Release|iPhone.Deploy.0 = Release|Any CPU
		{F0095C8C-8A91-40A1-AC41-FAF1FB19E978}.Release|iPhoneSimulator.ActiveCfg = Release|Any CPU
		{F0095C8C-8A91-40A1-AC41-FAF1FB19E978}.Release|iPhoneSimulator.Build.0 = Release|Any CPU
		{F0095C8C-8A91-40A1-AC41-FAF1FB19E978}.Release|iPhoneSimulator.Deploy.0 = Release|Any CPU
		{35A0F42E-61F1-4A80-B90A-42B8DE474804}.Ad-Hoc|Any CPU.ActiveCfg = Ad-Hoc|iPhone
		{35A0F42E-61F1-4A80-B90A-42B8DE474804}.Ad-Hoc|Any CPU.Build.0 = Ad-Hoc|iPhone
		{35A0F42E-61F1-4A80-B90A-42B8DE474804}.Ad-Hoc|Any CPU.Deploy.0 = Ad-Hoc|iPhone
		{35A0F42E-61F1-4A80-B90A-42B8DE474804}.Ad-Hoc|iPhone.ActiveCfg = Ad-Hoc|iPhone
		{35A0F42E-61F1-4A80-B90A-42B8DE474804}.Ad-Hoc|iPhone.Build.0 = Ad-Hoc|iPhone
		{35A0F42E-61F1-4A80-B90A-42B8DE474804}.Ad-Hoc|iPhone.Deploy.0 = Ad-Hoc|iPhone
		{35A0F42E-61F1-4A80-B90A-42B8DE474804}.Ad-Hoc|iPhoneSimulator.ActiveCfg = Ad-Hoc|iPhoneSimulator
		{35A0F42E-61F1-4A80-B90A-42B8DE474804}.Ad-Hoc|iPhoneSimulator.Build.0 = Ad-Hoc|iPhoneSimulator
		{35A0F42E-61F1-4A80-B90A-42B8DE474804}.Ad-Hoc|iPhoneSimulator.Deploy.0 = Ad-Hoc|iPhoneSimulator
		{35A0F42E-61F1-4A80-B90A-42B8DE474804}.AppStore|Any CPU.ActiveCfg = AppStore|iPhone
		{35A0F42E-61F1-4A80-B90A-42B8DE474804}.AppStore|Any CPU.Build.0 = AppStore|iPhone
		{35A0F42E-61F1-4A80-B90A-42B8DE474804}.AppStore|Any CPU.Deploy.0 = AppStore|iPhone
		{35A0F42E-61F1-4A80-B90A-42B8DE474804}.AppStore|iPhone.ActiveCfg = AppStore|iPhone
		{35A0F42E-61F1-4A80-B90A-42B8DE474804}.AppStore|iPhone.Build.0 = AppStore|iPhone
		{35A0F42E-61F1-4A80-B90A-42B8DE474804}.AppStore|iPhone.Deploy.0 = AppStore|iPhone
		{35A0F42E-61F1-4A80-B90A-42B8DE474804}.AppStore|iPhoneSimulator.ActiveCfg = AppStore|iPhoneSimulator
		{35A0F42E-61F1-4A80-B90A-42B8DE474804}.AppStore|iPhoneSimulator.Build.0 = AppStore|iPhoneSimulator
		{35A0F42E-61F1-4A80-B90A-42B8DE474804}.AppStore|iPhoneSimulator.Deploy.0 = AppStore|iPhoneSimulator
		{35A0F42E-61F1-4A80-B90A-42B8DE474804}.Debug|Any CPU.ActiveCfg = Debug|iPhoneSimulator
		{35A0F42E-61F1-4A80-B90A-42B8DE474804}.Debug|Any CPU.Build.0 = Debug|iPhoneSimulator
		{35A0F42E-61F1-4A80-B90A-42B8DE474804}.Debug|Any CPU.Deploy.0 = Debug|iPhoneSimulator
		{35A0F42E-61F1-4A80-B90A-42B8DE474804}.Debug|iPhone.ActiveCfg = Debug|iPhone
		{35A0F42E-61F1-4A80-B90A-42B8DE474804}.Debug|iPhone.Build.0 = Debug|iPhone
		{35A0F42E-61F1-4A80-B90A-42B8DE474804}.Debug|iPhone.Deploy.0 = Debug|iPhone
		{35A0F42E-61F1-4A80-B90A-42B8DE474804}.Debug|iPhoneSimulator.ActiveCfg = Debug|iPhoneSimulator
		{35A0F42E-61F1-4A80-B90A-42B8DE474804}.Debug|iPhoneSimulator.Build.0 = Debug|iPhoneSimulator
		{35A0F42E-61F1-4A80-B90A-42B8DE474804}.Debug|iPhoneSimulator.Deploy.0 = Debug|iPhoneSimulator
		{35A0F42E-61F1-4A80-B90A-42B8DE474804}.Release|Any CPU.ActiveCfg = Release|iPhone
		{35A0F42E-61F1-4A80-B90A-42B8DE474804}.Release|Any CPU.Build.0 = Release|iPhone
		{35A0F42E-61F1-4A80-B90A-42B8DE474804}.Release|Any CPU.Deploy.0 = Release|iPhone
		{35A0F42E-61F1-4A80-B90A-42B8DE474804}.Release|iPhone.ActiveCfg = Release|iPhone
		{35A0F42E-61F1-4A80-B90A-42B8DE474804}.Release|iPhone.Build.0 = Release|iPhone
		{35A0F42E-61F1-4A80-B90A-42B8DE474804}.Release|iPhone.Deploy.0 = Release|iPhone
		{35A0F42E-61F1-4A80-B90A-42B8DE474804}.Release|iPhoneSimulator.ActiveCfg = Release|iPhoneSimulator
		{35A0F42E-61F1-4A80-B90A-42B8DE474804}.Release|iPhoneSimulator.Build.0 = Release|iPhoneSimulator
		{35A0F42E-61F1-4A80-B90A-42B8DE474804}.Release|iPhoneSimulator.Deploy.0 = Release|iPhoneSimulator
		{D111EF72-F35C-4889-BFDF-07FCB430B5B8}.Ad-Hoc|Any CPU.ActiveCfg = Debug|Any CPU
		{D111EF72-F35C-4889-BFDF-07FCB430B5B8}.Ad-Hoc|Any CPU.Build.0 = Debug|Any CPU
		{D111EF72-F35C-4889-BFDF-07FCB430B5B8}.Ad-Hoc|Any CPU.Deploy.0 = Debug|Any CPU
		{D111EF72-F35C-4889-BFDF-07FCB430B5B8}.Ad-Hoc|iPhone.ActiveCfg = Debug|Any CPU
		{D111EF72-F35C-4889-BFDF-07FCB430B5B8}.Ad-Hoc|iPhone.Build.0 = Debug|Any CPU
		{D111EF72-F35C-4889-BFDF-07FCB430B5B8}.Ad-Hoc|iPhone.Deploy.0 = Debug|Any CPU
		{D111EF72-F35C-4889-BFDF-07FCB430B5B8}.Ad-Hoc|iPhoneSimulator.ActiveCfg = Debug|Any CPU
		{D111EF72-F35C-4889-BFDF-07FCB430B5B8}.Ad-Hoc|iPhoneSimulator.Build.0 = Debug|Any CPU
		{D111EF72-F35C-4889-BFDF-07FCB430B5B8}.Ad-Hoc|iPhoneSimulator.Deploy.0 = Debug|Any CPU
		{D111EF72-F35C-4889-BFDF-07FCB430B5B8}.AppStore|Any CPU.ActiveCfg = Debug|Any CPU
		{D111EF72-F35C-4889-BFDF-07FCB430B5B8}.AppStore|Any CPU.Build.0 = Debug|Any CPU
		{D111EF72-F35C-4889-BFDF-07FCB430B5B8}.AppStore|Any CPU.Deploy.0 = Debug|Any CPU
		{D111EF72-F35C-4889-BFDF-07FCB430B5B8}.AppStore|iPhone.ActiveCfg = Debug|Any CPU
		{D111EF72-F35C-4889-BFDF-07FCB430B5B8}.AppStore|iPhone.Build.0 = Debug|Any CPU
		{D111EF72-F35C-4889-BFDF-07FCB430B5B8}.AppStore|iPhone.Deploy.0 = Debug|Any CPU
		{D111EF72-F35C-4889-BFDF-07FCB430B5B8}.AppStore|iPhoneSimulator.ActiveCfg = Debug|Any CPU
		{D111EF72-F35C-4889-BFDF-07FCB430B5B8}.AppStore|iPhoneSimulator.Build.0 = Debug|Any CPU
		{D111EF72-F35C-4889-BFDF-07FCB430B5B8}.AppStore|iPhoneSimulator.Deploy.0 = Debug|Any CPU
		{D111EF72-F35C-4889-BFDF-07FCB430B5B8}.Debug|Any CPU.ActiveCfg = Debug|Any CPU
		{D111EF72-F35C-4889-BFDF-07FCB430B5B8}.Debug|Any CPU.Build.0 = Debug|Any CPU
		{D111EF72-F35C-4889-BFDF-07FCB430B5B8}.Debug|Any CPU.Deploy.0 = Debug|Any CPU
		{D111EF72-F35C-4889-BFDF-07FCB430B5B8}.Debug|iPhone.ActiveCfg = Debug|Any CPU
		{D111EF72-F35C-4889-BFDF-07FCB430B5B8}.Debug|iPhone.Build.0 = Debug|Any CPU
		{D111EF72-F35C-4889-BFDF-07FCB430B5B8}.Debug|iPhone.Deploy.0 = Debug|Any CPU
		{D111EF72-F35C-4889-BFDF-07FCB430B5B8}.Debug|iPhoneSimulator.ActiveCfg = Debug|Any CPU
		{D111EF72-F35C-4889-BFDF-07FCB430B5B8}.Debug|iPhoneSimulator.Build.0 = Debug|Any CPU
		{D111EF72-F35C-4889-BFDF-07FCB430B5B8}.Debug|iPhoneSimulator.Deploy.0 = Debug|Any CPU
		{D111EF72-F35C-4889-BFDF-07FCB430B5B8}.Release|Any CPU.ActiveCfg = Release|Any CPU
		{D111EF72-F35C-4889-BFDF-07FCB430B5B8}.Release|Any CPU.Build.0 = Release|Any CPU
		{D111EF72-F35C-4889-BFDF-07FCB430B5B8}.Release|Any CPU.Deploy.0 = Release|Any CPU
		{D111EF72-F35C-4889-BFDF-07FCB430B5B8}.Release|iPhone.ActiveCfg = Release|Any CPU
		{D111EF72-F35C-4889-BFDF-07FCB430B5B8}.Release|iPhone.Build.0 = Release|Any CPU
		{D111EF72-F35C-4889-BFDF-07FCB430B5B8}.Release|iPhone.Deploy.0 = Release|Any CPU
		{D111EF72-F35C-4889-BFDF-07FCB430B5B8}.Release|iPhoneSimulator.ActiveCfg = Release|Any CPU
		{D111EF72-F35C-4889-BFDF-07FCB430B5B8}.Release|iPhoneSimulator.Build.0 = Release|Any CPU
		{D111EF72-F35C-4889-BFDF-07FCB430B5B8}.Release|iPhoneSimulator.Deploy.0 = Release|Any CPU
	EndGlobalSection
	GlobalSection(SolutionProperties) = preSolution
		HideSolutionNode = FALSE
	EndGlobalSection
	GlobalSection(ExtensibilityGlobals) = postSolution
		SolutionGuid = {22D63408-5B0B-4FC1-BBA7-8A25567050A2}
	EndGlobalSection
EndGlobal
